# This file is generated by running "yarn install" inside your project.
# Manual changes might be lost - proceed with caution!

__metadata:
  version: 6
  cacheKey: 8

"@types/prop-types@npm:*":
  version: 15.7.5
  resolution: "@types/prop-types@npm:15.7.5"
  checksum: 5b43b8b15415e1f298243165f1d44390403bb2bd42e662bca3b5b5633fdd39c938e91b7fce3a9483699db0f7a715d08cef220c121f723a634972fdf596aec980
  languageName: node
  linkType: hard

"@types/react-dom@npm:^18":
  version: 18.0.9
  resolution: "@types/react-dom@npm:18.0.9"
  dependencies:
    "@types/react": "*"
  checksum: e744e3feba25fc43733289d4df4d9c0e59fcca7f34e8c89d75f81a339accb2bd70236d69382d47d2c0ad06a1529b2e56aa6171fe175854d60e07156ddceedfcb
  languageName: node
  linkType: hard

"@types/react@npm:*, @types/react@npm:^18":
  version: 18.0.26
  resolution: "@types/react@npm:18.0.26"
  dependencies:
    "@types/prop-types": "*"
    "@types/scheduler": "*"
    csstype: ^3.0.2
  checksum: b62f0ea3cdfa68e106391728325057ad36f1bde7ba2dfae029472c47e01e482bc77c6ba4f1dad59f3f04ee81cb597618ff7c30a33c157c0a20462b6dd6aa2d4d
  languageName: node
  linkType: hard

"@types/scheduler@npm:*":
  version: 0.16.2
  resolution: "@types/scheduler@npm:0.16.2"
  checksum: b6b4dcfeae6deba2e06a70941860fb1435730576d3689225a421280b7742318d1548b3d22c1f66ab68e414f346a9542f29240bc955b6332c5b11e561077583bc
  languageName: node
  linkType: hard

"csstype@npm:^3.0.2":
  version: 3.1.1
  resolution: "csstype@npm:3.1.1"
  checksum: 1f7b4f5fdd955b7444b18ebdddf3f5c699159f13e9cf8ac9027ae4a60ae226aef9bbb14a6e12ca7dba3358b007cee6354b116e720262867c398de6c955ea451d
  languageName: node
  linkType: hard

"ecommerce_component@workspace:.":
  version: 0.0.0-use.local
  resolution: "ecommerce_component@workspace:."
  dependencies:
    "@types/react": ^18
    "@types/react-dom": ^18
    react: ^18.2.0
    react-dom: ^18.2.0
    typescript: ^4.9.3
  languageName: unknown
  linkType: soft

"js-tokens@npm:^3.0.0 || ^4.0.0":
  version: 4.0.0
  resolution: "js-tokens@npm:4.0.0"
  checksum: 8a95213a5a77deb6cbe94d86340e8d9ace2b93bc367790b260101d2f36a2eaf4e4e22d9fa9cf459b38af3a32fb4190e638024cf82ec95ef708680e405ea7cc78
  languageName: node
  linkType: hard

"loose-envify@npm:^1.1.0":
  version: 1.4.0
  resolution: "loose-envify@npm:1.4.0"
  dependencies:
    js-tokens: ^3.0.0 || ^4.0.0
  bin:
    loose-envify: cli.js
  checksum: 6517e24e0cad87ec9888f500c5b5947032cdfe6ef65e1c1936a0c48a524b81e65542c9c3edc91c97d5bddc806ee2a985dbc79be89215d613b1de5db6d1cfe6f4
  languageName: node
  linkType: hard

"react-dom@npm:^18.2.0":
  version: 18.2.0
  resolution: "react-dom@npm:18.2.0"
  dependencies:
    loose-envify: ^1.1.0
    scheduler: ^0.23.0
  peerDependencies:
    react: ^18.2.0
  checksum: 7d323310bea3a91be2965f9468d552f201b1c27891e45ddc2d6b8f717680c95a75ae0bc1e3f5cf41472446a2589a75aed4483aee8169287909fcd59ad149e8cc
  languageName: node
  linkType: hard

"react@npm:^18.2.0":
  version: 18.2.0
  resolution: "react@npm:18.2.0"
  dependencies:
    loose-envify: ^1.1.0
  checksum: 88e38092da8839b830cda6feef2e8505dec8ace60579e46aa5490fc3dc9bba0bd50336507dc166f43e3afc1c42939c09fe33b25fae889d6f402721dcd78fca1b
  languageName: node
  linkType: hard

"scheduler@npm:^0.23.0":
  version: 0.23.0
  resolution: "scheduler@npm:0.23.0"
  dependencies:
    loose-envify: ^1.1.0
  checksum: d79192eeaa12abef860c195ea45d37cbf2bbf5f66e3c4dcd16f54a7da53b17788a70d109ee3d3dde1a0fd50e6a8fc171f4300356c5aee4fc0171de526bf35f8a
  languageName: node
  linkType: hard

"typescript@npm:^4.9.3":
  version: 4.9.3
  resolution: "typescript@npm:4.9.3"
  bin:
    tsc: bin/tsc
    tsserver: bin/tsserver
  checksum: 17b8f816050b412403e38d48eef0e893deb6be522d6dc7caf105e54a72e34daf6835c447735fd2b28b66784e72bfbf87f627abb4818a8e43d1fa8106396128dc
  languageName: node
  linkType: hard

"typescript@patch:typescript@^4.9.3#~builtin<compat/typescript>":
  version: 4.9.3
  resolution: "typescript@patch:typescript@npm%3A4.9.3#~builtin<compat/typescript>::version=4.9.3&hash=d73830"
  bin:
    tsc: bin/tsc
    tsserver: bin/tsserver
  checksum: 67ca21a387c0572f1c04936e638dde7782c5aa520c3754aadc7cc9b7c915da9ebc3e27c601bfff4ccb7d7264e82dce6d277ada82ec09dc75024349e0ef64926d
  languageName: node
  linkType: hard
